// !$*UTF8*$!
{
	archiveVersion = 1;
	classes = {
	};
	objectVersion = 55;
	objects = {

/* Begin PBXBuildFile section */
		75DFE1AA2736183E005600CE /* ExpenseTrackerApp.swift in Sources */ = {isa = PBXBuildFile; fileRef = 75DFE1A92736183E005600CE /* ExpenseTrackerApp.swift */; };
		75DFE1AC2736183E005600CE /* ContentView.swift in Sources */ = {isa = PBXBuildFile; fileRef = 75DFE1AB2736183E005600CE /* ContentView.swift */; };
		75DFE1AE2736183F005600CE /* Assets.xcassets in Resources */ = {isa = PBXBuildFile; fileRef = 75DFE1AD2736183F005600CE /* Assets.xcassets */; };
		75DFE1B12736183F005600CE /* Preview Assets.xcassets in Resources */ = {isa = PBXBuildFile; fileRef = 75DFE1B02736183F005600CE /* Preview Assets.xcassets */; };
		75DFE1B32736183F005600CE /* Persistence.swift in Sources */ = {isa = PBXBuildFile; fileRef = 75DFE1B22736183F005600CE /* Persistence.swift */; };
		75DFE1B62736183F005600CE /* ExpenseTracker.xcdatamodeld in Sources */ = {isa = PBXBuildFile; fileRef = 75DFE1B42736183F005600CE /* ExpenseTracker.xcdatamodeld */; };
		75DFE1C12736188D005600CE /* TransactionsView.swift in Sources */ = {isa = PBXBuildFile; fileRef = 75DFE1BE2736188D005600CE /* TransactionsView.swift */; };
		75DFE1C927362121005600CE /* TranasactionViewModel.swift in Sources */ = {isa = PBXBuildFile; fileRef = 75DFE1C827362121005600CE /* TranasactionViewModel.swift */; };
		75DFE1CC27362AFD005600CE /* TransactionRow.swift in Sources */ = {isa = PBXBuildFile; fileRef = 75DFE1CB27362AFD005600CE /* TransactionRow.swift */; };
		75DFE1CF27362C3B005600CE /* View+Extension.swift in Sources */ = {isa = PBXBuildFile; fileRef = 75DFE1CE27362C3B005600CE /* View+Extension.swift */; };
		75DFE1D127362EFE005600CE /* Transaction+Extensions.swift in Sources */ = {isa = PBXBuildFile; fileRef = 75DFE1D027362EFE005600CE /* Transaction+Extensions.swift */; };
		75DFE1D427363936005600CE /* SummaryView.swift in Sources */ = {isa = PBXBuildFile; fileRef = 75DFE1D327363936005600CE /* SummaryView.swift */; };
		75DFE1D727363ACF005600CE /* String+Extension.swift in Sources */ = {isa = PBXBuildFile; fileRef = 75DFE1D627363ACF005600CE /* String+Extension.swift */; };
		75DFE1D9273641EA005600CE /* CustomProgressView.swift in Sources */ = {isa = PBXBuildFile; fileRef = 75DFE1D8273641EA005600CE /* CustomProgressView.swift */; };
/* End PBXBuildFile section */

/* Begin PBXFileReference section */
		75DFE1A62736183E005600CE /* ExpenseTracker.app */ = {isa = PBXFileReference; explicitFileType = wrapper.application; includeInIndex = 0; path = ExpenseTracker.app; sourceTree = BUILT_PRODUCTS_DIR; };
		75DFE1A92736183E005600CE /* ExpenseTrackerApp.swift */ = {isa = PBXFileReference; lastKnownFileType = sourcecode.swift; path = ExpenseTrackerApp.swift; sourceTree = "<group>"; };
		75DFE1AB2736183E005600CE /* ContentView.swift */ = {isa = PBXFileReference; lastKnownFileType = sourcecode.swift; name = ContentView.swift; path = ../ContentView.swift; sourceTree = "<group>"; };
		75DFE1AD2736183F005600CE /* Assets.xcassets */ = {isa = PBXFileReference; lastKnownFileType = folder.assetcatalog; path = Assets.xcassets; sourceTree = "<group>"; };
		75DFE1B02736183F005600CE /* Preview Assets.xcassets */ = {isa = PBXFileReference; lastKnownFileType = folder.assetcatalog; path = "Preview Assets.xcassets"; sourceTree = "<group>"; };
		75DFE1B22736183F005600CE /* Persistence.swift */ = {isa = PBXFileReference; lastKnownFileType = sourcecode.swift; path = Persistence.swift; sourceTree = "<group>"; };
		75DFE1B52736183F005600CE /* ExpenseTracker.xcdatamodel */ = {isa = PBXFileReference; lastKnownFileType = wrapper.xcdatamodel; path = ExpenseTracker.xcdatamodel; sourceTree = "<group>"; };
		75DFE1BE2736188D005600CE /* TransactionsView.swift */ = {isa = PBXFileReference; fileEncoding = 4; lastKnownFileType = sourcecode.swift; path = TransactionsView.swift; sourceTree = "<group>"; };
		75DFE1C827362121005600CE /* TranasactionViewModel.swift */ = {isa = PBXFileReference; lastKnownFileType = sourcecode.swift; path = TranasactionViewModel.swift; sourceTree = "<group>"; };
		75DFE1CB27362AFD005600CE /* TransactionRow.swift */ = {isa = PBXFileReference; lastKnownFileType = sourcecode.swift; path = TransactionRow.swift; sourceTree = "<group>"; };
		75DFE1CE27362C3B005600CE /* View+Extension.swift */ = {isa = PBXFileReference; lastKnownFileType = sourcecode.swift; path = "View+Extension.swift"; sourceTree = "<group>"; };
		75DFE1D027362EFE005600CE /* Transaction+Extensions.swift */ = {isa = PBXFileReference; lastKnownFileType = sourcecode.swift; path = "Transaction+Extensions.swift"; sourceTree = "<group>"; };
		75DFE1D327363936005600CE /* SummaryView.swift */ = {isa = PBXFileReference; lastKnownFileType = sourcecode.swift; path = SummaryView.swift; sourceTree = "<group>"; };
		75DFE1D627363ACF005600CE /* String+Extension.swift */ = {isa = PBXFileReference; lastKnownFileType = sourcecode.swift; path = "String+Extension.swift"; sourceTree = "<group>"; };
		75DFE1D8273641EA005600CE /* CustomProgressView.swift */ = {isa = PBXFileReference; lastKnownFileType = sourcecode.swift; path = CustomProgressView.swift; sourceTree = "<group>"; };
/* End PBXFileReference section */

/* Begin PBXFrameworksBuildPhase section */
		75DFE1A32736183E005600CE /* Frameworks */ = {
			isa = PBXFrameworksBuildPhase;
			buildActionMask = 2147483647;
			files = (
			);
			runOnlyForDeploymentPostprocessing = 0;
		};
/* End PBXFrameworksBuildPhase section */

/* Begin PBXGroup section */
		75DFE19D2736183E005600CE = {
			isa = PBXGroup;
			children = (
				75DFE1A82736183E005600CE /* ExpenseTracker */,
				75DFE1A72736183E005600CE /* Products */,
			);
			sourceTree = "<group>";
		};
		75DFE1A72736183E005600CE /* Products */ = {
			isa = PBXGroup;
			children = (
				75DFE1A62736183E005600CE /* ExpenseTracker.app */,
			);
			name = Products;
			sourceTree = "<group>";
		};
		75DFE1A82736183E005600CE /* ExpenseTracker */ = {
			isa = PBXGroup;
			children = (
				75DFE1D527363AAD005600CE /* Utilities */,
				75DFE1C727361A35005600CE /* Resources */,
				75DFE1C627361A24005600CE /* App */,
				75DFE1C327361961005600CE /* Persistence */,
				75DFE1BC2736188D005600CE /* Model */,
				75DFE1BD2736188D005600CE /* View */,
				75DFE1C02736188D005600CE /* View Model */,
				75DFE1AF2736183F005600CE /* Preview Content */,
			);
			path = ExpenseTracker;
			sourceTree = "<group>";
		};
		75DFE1AF2736183F005600CE /* Preview Content */ = {
			isa = PBXGroup;
			children = (
				75DFE1B02736183F005600CE /* Preview Assets.xcassets */,
			);
			path = "Preview Content";
			sourceTree = "<group>";
		};
		75DFE1BC2736188D005600CE /* Model */ = {
			isa = PBXGroup;
			children = (
				75DFE1D027362EFE005600CE /* Transaction+Extensions.swift */,
			);
			path = Model;
			sourceTree = "<group>";
		};
		75DFE1BD2736188D005600CE /* View */ = {
			isa = PBXGroup;
			children = (
				75DFE1CD27362C2D005600CE /* Extensions */,
				75DFE1AB2736183E005600CE /* ContentView.swift */,
				75DFE1BE2736188D005600CE /* TransactionsView.swift */,
				75DFE1CB27362AFD005600CE /* TransactionRow.swift */,
				75DFE1D327363936005600CE /* SummaryView.swift */,
				75DFE1D8273641EA005600CE /* CustomProgressView.swift */,
			);
			path = View;
			sourceTree = "<group>";
		};
		75DFE1C02736188D005600CE /* View Model */ = {
			isa = PBXGroup;
			children = (
				75DFE1C827362121005600CE /* TranasactionViewModel.swift */,
			);
			path = "View Model";
			sourceTree = "<group>";
		};
		75DFE1C327361961005600CE /* Persistence */ = {
			isa = PBXGroup;
			children = (
				75DFE1B42736183F005600CE /* ExpenseTracker.xcdatamodeld */,
				75DFE1B22736183F005600CE /* Persistence.swift */,
			);
			path = Persistence;
			sourceTree = "<group>";
		};
		75DFE1C627361A24005600CE /* App */ = {
			isa = PBXGroup;
			children = (
				75DFE1A92736183E005600CE /* ExpenseTrackerApp.swift */,
			);
			path = App;
			sourceTree = "<group>";
		};
		75DFE1C727361A35005600CE /* Resources */ = {
			isa = PBXGroup;
			children = (
				75DFE1AD2736183F005600CE /* Assets.xcassets */,
			);
			path = Resources;
			sourceTree = "<group>";
		};
		75DFE1CD27362C2D005600CE /* Extensions */ = {
			isa = PBXGroup;
			children = (
				75DFE1CE27362C3B005600CE /* View+Extension.swift */,
			);
			path = Extensions;
			sourceTree = "<group>";
		};
		75DFE1D527363AAD005600CE /* Utilities */ = {
			isa = PBXGroup;
			children = (
				75DFE1D627363ACF005600CE /* String+Extension.swift */,
			);
			path = Utilities;
			sourceTree = "<group>";
		};
/* End PBXGroup section */

/* Begin PBXNativeTarget section */
		75DFE1A52736183E005600CE /* ExpenseTracker */ = {
			isa = PBXNativeTarget;
			buildConfigurationList = 75DFE1B92736183F005600CE /* Build configuration list for PBXNativeTarget "ExpenseTracker" */;
			buildPhases = (
				75DFE1A22736183E005600CE /* Sources */,
				75DFE1A32736183E005600CE /* Frameworks */,
				75DFE1A42736183E005600CE /* Resources */,
			);
			buildRules = (
			);
			dependencies = (
			);
			name = ExpenseTracker;
			productName = ExpenseTracker;
			productReference = 75DFE1A62736183E005600CE /* ExpenseTracker.app */;
			productType = "com.apple.product-type.application";
		};
/* End PBXNativeTarget section */

/* Begin PBXProject section */
		75DFE19E2736183E005600CE /* Project object */ = {
			isa = PBXProject;
			attributes = {
				BuildIndependentTargetsInParallel = 1;
				LastSwiftUpdateCheck = 1310;
				LastUpgradeCheck = 1310;
				TargetAttributes = {
					75DFE1A52736183E005600CE = {
						CreatedOnToolsVersion = 13.1;
					};
				};
			};
			buildConfigurationList = 75DFE1A12736183E005600CE /* Build configuration list for PBXProject "ExpenseTracker" */;
			compatibilityVersion = "Xcode 13.0";
			developmentRegion = en;
			hasScannedForEncodings = 0;
			knownRegions = (
				en,
				Base,
			);
			mainGroup = 75DFE19D2736183E005600CE;
			productRefGroup = 75DFE1A72736183E005600CE /* Products */;
			projectDirPath = "";
			projectRoot = "";
			targets = (
				75DFE1A52736183E005600CE /* ExpenseTracker */,
			);
		};
/* End PBXProject section */

/* Begin PBXResourcesBuildPhase section */
		75DFE1A42736183E005600CE /* Resources */ = {
			isa = PBXResourcesBuildPhase;
			buildActionMask = 2147483647;
			files = (
				75DFE1B12736183F005600CE /* Preview Assets.xcassets in Resources */,
				75DFE1AE2736183F005600CE /* Assets.xcassets in Resources */,
			);
			runOnlyForDeploymentPostprocessing = 0;
		};
/* End PBXResourcesBuildPhase section */

/* Begin PBXSourcesBuildPhase section */
		75DFE1A22736183E005600CE /* Sources */ = {
			isa = PBXSourcesBuildPhase;
			buildActionMask = 2147483647;
			files = (
				75DFE1C12736188D005600CE /* TransactionsView.swift in Sources */,
				75DFE1D727363ACF005600CE /* String+Extension.swift in Sources */,
				75DFE1D9273641EA005600CE /* CustomProgressView.swift in Sources */,
				75DFE1D127362EFE005600CE /* Transaction+Extensions.swift in Sources */,
				75DFE1B32736183F005600CE /* Persistence.swift in Sources */,
				75DFE1CF27362C3B005600CE /* View+Extension.swift in Sources */,
				75DFE1AC2736183E005600CE /* ContentView.swift in Sources */,
				75DFE1AA2736183E005600CE /* ExpenseTrackerApp.swift in Sources */,
				75DFE1CC27362AFD005600CE /* TransactionRow.swift in Sources */,
				75DFE1D427363936005600CE /* SummaryView.swift in Sources */,
				75DFE1B62736183F005600CE /* ExpenseTracker.xcdatamodeld in Sources */,
				75DFE1C927362121005600CE /* TranasactionViewModel.swift in Sources */,
			);
			runOnlyForDeploymentPostprocessing = 0;
		};
/* End PBXSourcesBuildPhase section */

/* Begin XCBuildConfiguration section */
		75DFE1B72736183F005600CE /* Debug */ = {
			isa = XCBuildConfiguration;
			buildSettings = {
				ALWAYS_SEARCH_USER_PATHS = NO;
				CLANG_ANALYZER_NONNULL = YES;
				CLANG_ANALYZER_NUMBER_OBJECT_CONVERSION = YES_AGGRESSIVE;
				CLANG_CXX_LANGUAGE_STANDARD = "gnu++17";
				CLANG_CXX_LIBRARY = "libc++";
				CLANG_ENABLE_MODULES = YES;
				CLANG_ENABLE_OBJC_ARC = YES;
				CLANG_ENABLE_OBJC_WEAK = YES;
				CLANG_WARN_BLOCK_CAPTURE_AUTORELEASING = YES;
				CLANG_WARN_BOOL_CONVERSION = YES;
				CLANG_WARN_COMMA = YES;
				CLANG_WARN_CONSTANT_CONVERSION = YES;
				CLANG_WARN_DEPRECATED_OBJC_IMPLEMENTATIONS = YES;
				CLANG_WARN_DIRECT_OBJC_ISA_USAGE = YES_ERROR;
				CLANG_WARN_DOCUMENTATION_COMMENTS = YES;
				CLANG_WARN_EMPTY_BODY = YES;
				CLANG_WARN_ENUM_CONVERSION = YES;
				CLANG_WARN_INFINITE_RECURSION = YES;
				CLANG_WARN_INT_CONVERSION = YES;
				CLANG_WARN_NON_LITERAL_NULL_CONVERSION = YES;
				CLANG_WARN_OBJC_IMPLICIT_RETAIN_SELF = YES;
				CLANG_WARN_OBJC_LITERAL_CONVERSION = YES;
				CLANG_WARN_OBJC_ROOT_CLASS = YES_ERROR;
				CLANG_WARN_QUOTED_INCLUDE_IN_FRAMEWORK_HEADER = YES;
				CLANG_WARN_RANGE_LOOP_ANALYSIS = YES;
				CLANG_WARN_STRICT_PROTOTYPES = YES;
				CLANG_WARN_SUSPICIOUS_MOVE = YES;
				CLANG_WARN_UNGUARDED_AVAILABILITY = YES_AGGRESSIVE;
				CLANG_WARN_UNREACHABLE_CODE = YES;
				CLANG_WARN__DUPLICATE_METHOD_MATCH = YES;
				COPY_PHASE_STRIP = NO;
				DEBUG_INFORMATION_FORMAT = dwarf;
				ENABLE_STRICT_OBJC_MSGSEND = YES;
				ENABLE_TESTABILITY = YES;
				GCC_C_LANGUAGE_STANDARD = gnu11;
				GCC_DYNAMIC_NO_PIC = NO;
				GCC_NO_COMMON_BLOCKS = YES;
				GCC_OPTIMIZATION_LEVEL = 0;
				GCC_PREPROCESSOR_DEFINITIONS = (
					"DEBUG=1",
					"$(inherited)",
				);
				GCC_WARN_64_TO_32_BIT_CONVERSION = YES;
				GCC_WARN_ABOUT_RETURN_TYPE = YES_ERROR;
				GCC_WARN_UNDECLARED_SELECTOR = YES;
				GCC_WARN_UNINITIALIZED_AUTOS = YES_AGGRESSIVE;
				GCC_WARN_UNUSED_FUNCTION = YES;
				GCC_WARN_UNUSED_VARIABLE = YES;
				IPHONEOS_DEPLOYMENT_TARGET = 15.0;
				MTL_ENABLE_DEBUG_INFO = INCLUDE_SOURCE;
				MTL_FAST_MATH = YES;
				ONLY_ACTIVE_ARCH = YES;
				SDKROOT = iphoneos;
				SWIFT_ACTIVE_COMPILATION_CONDITIONS = DEBUG;
				SWIFT_OPTIMIZATION_LEVEL = "-Onone";
			};
			name = Debug;
		};
		75DFE1B82736183F005600CE /* Release */ = {
			isa = XCBuildConfiguration;
			buildSettings = {
				ALWAYS_SEARCH_USER_PATHS = NO;
				CLANG_ANALYZER_NONNULL = YES;
				CLANG_ANALYZER_NUMBER_OBJECT_CONVERSION = YES_AGGRESSIVE;
				CLANG_CXX_LANGUAGE_STANDARD = "gnu++17";
				CLANG_CXX_LIBRARY = "libc++";
				CLANG_ENABLE_MODULES = YES;
				CLANG_ENABLE_OBJC_ARC = YES;
				CLANG_ENABLE_OBJC_WEAK = YES;
				CLANG_WARN_BLOCK_CAPTURE_AUTORELEASING = YES;
				CLANG_WARN_BOOL_CONVERSION = YES;
				CLANG_WARN_COMMA = YES;
				CLANG_WARN_CONSTANT_CONVERSION = YES;
				CLANG_WARN_DEPRECATED_OBJC_IMPLEMENTATIONS = YES;
				CLANG_WARN_DIRECT_OBJC_ISA_USAGE = YES_ERROR;
				CLANG_WARN_DOCUMENTATION_COMMENTS = YES;
				CLANG_WARN_EMPTY_BODY = YES;
				CLANG_WARN_ENUM_CONVERSION = YES;
				CLANG_WARN_INFINITE_RECURSION = YES;
				CLANG_WARN_INT_CONVERSION = YES;
				CLANG_WARN_NON_LITERAL_NULL_CONVERSION = YES;
				CLANG_WARN_OBJC_IMPLICIT_RETAIN_SELF = YES;
				CLANG_WARN_OBJC_LITERAL_CONVERSION = YES;
				CLANG_WARN_OBJC_ROOT_CLASS = YES_ERROR;
				CLANG_WARN_QUOTED_INCLUDE_IN_FRAMEWORK_HEADER = YES;
				CLANG_WARN_RANGE_LOOP_ANALYSIS = YES;
				CLANG_WARN_STRICT_PROTOTYPES = YES;
				CLANG_WARN_SUSPICIOUS_MOVE = YES;
				CLANG_WARN_UNGUARDED_AVAILABILITY = YES_AGGRESSIVE;
				CLANG_WARN_UNREACHABLE_CODE = YES;
				CLANG_WARN__DUPLICATE_METHOD_MATCH = YES;
				COPY_PHASE_STRIP = NO;
				DEBUG_INFORMATION_FORMAT = "dwarf-with-dsym";
				ENABLE_NS_ASSERTIONS = NO;
				ENABLE_STRICT_OBJC_MSGSEND = YES;
				GCC_C_LANGUAGE_STANDARD = gnu11;
				GCC_NO_COMMON_BLOCKS = YES;
				GCC_WARN_64_TO_32_BIT_CONVERSION = YES;
				GCC_WARN_ABOUT_RETURN_TYPE = YES_ERROR;
				GCC_WARN_UNDECLARED_SELECTOR = YES;
				GCC_WARN_UNINITIALIZED_AUTOS = YES_AGGRESSIVE;
				GCC_WARN_UNUSED_FUNCTION = YES;
				GCC_WARN_UNUSED_VARIABLE = YES;
				IPHONEOS_DEPLOYMENT_TARGET = 15.0;
				MTL_ENABLE_DEBUG_INFO = NO;
				MTL_FAST_MATH = YES;
				SDKROOT = iphoneos;
				SWIFT_COMPILATION_MODE = wholemodule;
				SWIFT_OPTIMIZATION_LEVEL = "-O";
				VALIDATE_PRODUCT = YES;
			};
			name = Release;
		};
		75DFE1BA2736183F005600CE /* Debug */ = {
			isa = XCBuildConfiguration;
			buildSettings = {
				ASSETCATALOG_COMPILER_APPICON_NAME = AppIcon;
				ASSETCATALOG_COMPILER_GLOBAL_ACCENT_COLOR_NAME = AccentColor;
				CODE_SIGN_STYLE = Automatic;
				CURRENT_PROJECT_VERSION = 1;
				DEVELOPMENT_ASSET_PATHS = "\"ExpenseTracker/Preview Content\"";
				ENABLE_PREVIEWS = YES;
				GENERATE_INFOPLIST_FILE = YES;
				INFOPLIST_KEY_UIApplicationSceneManifest_Generation = YES;
				INFOPLIST_KEY_UIApplicationSupportsIndirectInputEvents = YES;
				INFOPLIST_KEY_UILaunchScreen_Generation = YES;
				INFOPLIST_KEY_UISupportedInterfaceOrientations_iPad = "UIInterfaceOrientationPortrait UIInterfaceOrientationPortraitUpsideDown UIInterfaceOrientationLandscapeLeft UIInterfaceOrientationLandscapeRight";
				INFOPLIST_KEY_UISupportedInterfaceOrientations_iPhone = "UIInterfaceOrientationPortrait UIInterfaceOrientationLandscapeLeft UIInterfaceOrientationLandscapeRight";
				LD_RUNPATH_SEARCH_PATHS = (
					"$(inherited)",
					"@executable_path/Frameworks",
				);
				MARKETING_VERSION = 1.0;
				PRODUCT_BUNDLE_IDENTIFIER = com.swiftuijam.expensetracker.ExpenseTracker;
				PRODUCT_NAME = "$(TARGET_NAME)";
				SWIFT_EMIT_LOC_STRINGS = YES;
				SWIFT_VERSION = 5.0;
				TARGETED_DEVICE_FAMILY = "1,2";
			};
			name = Debug;
		};
		75DFE1BB2736183F005600CE /* Release */ = {
			isa = XCBuildConfiguration;
			buildSettings = {
				ASSETCATALOG_COMPILER_APPICON_NAME = AppIcon;
				ASSETCATALOG_COMPILER_GLOBAL_ACCENT_COLOR_NAME = AccentColor;
				CODE_SIGN_STYLE = Automatic;
				CURRENT_PROJECT_VERSION = 1;
				DEVELOPMENT_ASSET_PATHS = "\"ExpenseTracker/Preview Content\"";
				ENABLE_PREVIEWS = YES;
				GENERATE_INFOPLIST_FILE = YES;
				INFOPLIST_KEY_UIApplicationSceneManifest_Generation = YES;
				INFOPLIST_KEY_UIApplicationSupportsIndirectInputEvents = YES;
				INFOPLIST_KEY_UILaunchScreen_Generation = YES;
				INFOPLIST_KEY_UISupportedInterfaceOrientations_iPad = "UIInterfaceOrientationPortrait UIInterfaceOrientationPortraitUpsideDown UIInterfaceOrientationLandscapeLeft UIInterfaceOrientationLandscapeRight";
				INFOPLIST_KEY_UISupportedInterfaceOrientations_iPhone = "UIInterfaceOrientationPortrait UIInterfaceOrientationLandscapeLeft UIInterfaceOrientationLandscapeRight";
				LD_RUNPATH_SEARCH_PATHS = (
					"$(inherited)",
					"@executable_path/Frameworks",
				);
				MARKETING_VERSION = 1.0;
				PRODUCT_BUNDLE_IDENTIFIER = com.swiftuijam.expensetracker.ExpenseTracker;
				PRODUCT_NAME = "$(TARGET_NAME)";
				SWIFT_EMIT_LOC_STRINGS = YES;
				SWIFT_VERSION = 5.0;
				TARGETED_DEVICE_FAMILY = "1,2";
			};
			name = Release;
		};
/* End XCBuildConfiguration section */

/* Begin XCConfigurationList section */
		75DFE1A12736183E005600CE /* Build configuration list for PBXProject "ExpenseTracker" */ = {
			isa = XCConfigurationList;
			buildConfigurations = (
				75DFE1B72736183F005600CE /* Debug */,
				75DFE1B82736183F005600CE /* Release */,
			);
			defaultConfigurationIsVisible = 0;
			defaultConfigurationName = Release;
		};
		75DFE1B92736183F005600CE /* Build configuration list for PBXNativeTarget "ExpenseTracker" */ = {
			isa = XCConfigurationList;
			buildConfigurations = (
				75DFE1BA2736183F005600CE /* Debug */,
				75DFE1BB2736183F005600CE /* Release */,
			);
			defaultConfigurationIsVisible = 0;
			defaultConfigurationName = Release;
		};
/* End XCConfigurationList section */

/* Begin XCVersionGroup section */
		75DFE1B42736183F005600CE /* ExpenseTracker.xcdatamodeld */ = {
			isa = XCVersionGroup;
			children = (
				75DFE1B52736183F005600CE /* ExpenseTracker.xcdatamodel */,
			);
			currentVersion = 75DFE1B52736183F005600CE /* ExpenseTracker.xcdatamodel */;
			path = ExpenseTracker.xcdatamodeld;
			sourceTree = "<group>";
			versionGroupType = wrapper.xcdatamodel;
		};
/* End XCVersionGroup section */
	};
	rootObject = 75DFE19E2736183E005600CE /* Project object */;
}
